// !$*UTF8*$!
{
	archiveVersion = 1;
	classes = {
	};
	objectVersion = 56;
	objects = {

/* Begin PBXBuildFile section */
		C90FD85E2AC77A510077EC4A /* WildWood_WalksApp.swift in Sources */ = {isa = PBXBuildFile; fileRef = C90FD85D2AC77A510077EC4A /* WildWood_WalksApp.swift */; };
		C90FD8602AC77A510077EC4A /* ContentView.swift in Sources */ = {isa = PBXBuildFile; fileRef = C90FD85F2AC77A510077EC4A /* ContentView.swift */; };
		C90FD8622AC77A530077EC4A /* Assets.xcassets in Resources */ = {isa = PBXBuildFile; fileRef = C90FD8612AC77A530077EC4A /* Assets.xcassets */; };
		C90FD8652AC77A530077EC4A /* Preview Assets.xcassets in Resources */ = {isa = PBXBuildFile; fileRef = C90FD8642AC77A530077EC4A /* Preview Assets.xcassets */; };
		C90FD8702AC7DD4D0077EC4A /* image-3.png in Resources */ = {isa = PBXBuildFile; fileRef = C90FD86B2AC7DD4D0077EC4A /* image-3.png */; };
		C90FD8712AC7DD4D0077EC4A /* image-2.png in Resources */ = {isa = PBXBuildFile; fileRef = C90FD86C2AC7DD4D0077EC4A /* image-2.png */; };
		C90FD8722AC7DD4D0077EC4A /* image-5.png in Resources */ = {isa = PBXBuildFile; fileRef = C90FD86D2AC7DD4D0077EC4A /* image-5.png */; };
		C90FD8732AC7DD4D0077EC4A /* image-1.png in Resources */ = {isa = PBXBuildFile; fileRef = C90FD86E2AC7DD4D0077EC4A /* image-1.png */; };
		C90FD8742AC7DD4D0077EC4A /* image-4.png in Resources */ = {isa = PBXBuildFile; fileRef = C90FD86F2AC7DD4D0077EC4A /* image-4.png */; };
		C90FD8762AC7DF810077EC4A /* CardView.swift in Sources */ = {isa = PBXBuildFile; fileRef = C90FD8752AC7DF810077EC4A /* CardView.swift */; };
		C90FD8792AC7E1920077EC4A /* customeBackgroundView.swift in Sources */ = {isa = PBXBuildFile; fileRef = C90FD8782AC7E1920077EC4A /* customeBackgroundView.swift */; };
		C90FD87F2AC7E4670077EC4A /* ColorExtension.swift in Sources */ = {isa = PBXBuildFile; fileRef = C90FD87E2AC7E4670077EC4A /* ColorExtension.swift */; };
		C90FD8812AC7ED270077EC4A /* CustomButtonView.swift in Sources */ = {isa = PBXBuildFile; fileRef = C90FD8802AC7ED270077EC4A /* CustomButtonView.swift */; };
		C90FD8832AC7F7240077EC4A /* GradientButtonStyle.swift in Sources */ = {isa = PBXBuildFile; fileRef = C90FD8822AC7F7240077EC4A /* GradientButtonStyle.swift */; };
		C90FD8852AC7FED80077EC4A /* CustomeCircleView.swift in Sources */ = {isa = PBXBuildFile; fileRef = C90FD8842AC7FED80077EC4A /* CustomeCircleView.swift */; };
		C90FD8882AC801C50077EC4A /* MotionAnimationView.swift in Sources */ = {isa = PBXBuildFile; fileRef = C90FD8872AC801C50077EC4A /* MotionAnimationView.swift */; };
/* End PBXBuildFile section */

/* Begin PBXFileReference section */
		C90FD85A2AC77A510077EC4A /* WildWood Walks.app */ = {isa = PBXFileReference; explicitFileType = wrapper.application; includeInIndex = 0; path = "WildWood Walks.app"; sourceTree = BUILT_PRODUCTS_DIR; };
		C90FD85D2AC77A510077EC4A /* WildWood_WalksApp.swift */ = {isa = PBXFileReference; lastKnownFileType = sourcecode.swift; path = WildWood_WalksApp.swift; sourceTree = "<group>"; };
		C90FD85F2AC77A510077EC4A /* ContentView.swift */ = {isa = PBXFileReference; lastKnownFileType = sourcecode.swift; path = ContentView.swift; sourceTree = "<group>"; };
		C90FD8612AC77A530077EC4A /* Assets.xcassets */ = {isa = PBXFileReference; lastKnownFileType = folder.assetcatalog; path = Assets.xcassets; sourceTree = "<group>"; };
		C90FD8642AC77A530077EC4A /* Preview Assets.xcassets */ = {isa = PBXFileReference; lastKnownFileType = folder.assetcatalog; path = "Preview Assets.xcassets"; sourceTree = "<group>"; };
		C90FD86B2AC7DD4D0077EC4A /* image-3.png */ = {isa = PBXFileReference; lastKnownFileType = image.png; path = "image-3.png"; sourceTree = "<group>"; };
		C90FD86C2AC7DD4D0077EC4A /* image-2.png */ = {isa = PBXFileReference; lastKnownFileType = image.png; path = "image-2.png"; sourceTree = "<group>"; };
		C90FD86D2AC7DD4D0077EC4A /* image-5.png */ = {isa = PBXFileReference; lastKnownFileType = image.png; path = "image-5.png"; sourceTree = "<group>"; };
		C90FD86E2AC7DD4D0077EC4A /* image-1.png */ = {isa = PBXFileReference; lastKnownFileType = image.png; path = "image-1.png"; sourceTree = "<group>"; };
		C90FD86F2AC7DD4D0077EC4A /* image-4.png */ = {isa = PBXFileReference; lastKnownFileType = image.png; path = "image-4.png"; sourceTree = "<group>"; };
		C90FD8752AC7DF810077EC4A /* CardView.swift */ = {isa = PBXFileReference; lastKnownFileType = sourcecode.swift; path = CardView.swift; sourceTree = "<group>"; };
		C90FD8782AC7E1920077EC4A /* customeBackgroundView.swift */ = {isa = PBXFileReference; lastKnownFileType = sourcecode.swift; path = customeBackgroundView.swift; sourceTree = "<group>"; };
		C90FD87E2AC7E4670077EC4A /* ColorExtension.swift */ = {isa = PBXFileReference; lastKnownFileType = sourcecode.swift; path = ColorExtension.swift; sourceTree = "<group>"; };
		C90FD8802AC7ED270077EC4A /* CustomButtonView.swift */ = {isa = PBXFileReference; lastKnownFileType = sourcecode.swift; path = CustomButtonView.swift; sourceTree = "<group>"; };
		C90FD8822AC7F7240077EC4A /* GradientButtonStyle.swift */ = {isa = PBXFileReference; lastKnownFileType = sourcecode.swift; path = GradientButtonStyle.swift; sourceTree = "<group>"; };
		C90FD8842AC7FED80077EC4A /* CustomeCircleView.swift */ = {isa = PBXFileReference; lastKnownFileType = sourcecode.swift; path = CustomeCircleView.swift; sourceTree = "<group>"; };
		C90FD8872AC801C50077EC4A /* MotionAnimationView.swift */ = {isa = PBXFileReference; lastKnownFileType = sourcecode.swift; path = MotionAnimationView.swift; sourceTree = "<group>"; };
/* End PBXFileReference section */

/* Begin PBXFrameworksBuildPhase section */
		C90FD8572AC77A510077EC4A /* Frameworks */ = {
			isa = PBXFrameworksBuildPhase;
			buildActionMask = 2147483647;
			files = (
			);
			runOnlyForDeploymentPostprocessing = 0;
		};
/* End PBXFrameworksBuildPhase section */

/* Begin PBXGroup section */
		C90FD8512AC77A510077EC4A = {
			isa = PBXGroup;
			children = (
				C90FD85C2AC77A510077EC4A /* WildWood Walks */,
				C90FD85B2AC77A510077EC4A /* Products */,
			);
			sourceTree = "<group>";
		};
		C90FD85B2AC77A510077EC4A /* Products */ = {
			isa = PBXGroup;
			children = (
				C90FD85A2AC77A510077EC4A /* WildWood Walks.app */,
			);
			name = Products;
			sourceTree = "<group>";
		};
		C90FD85C2AC77A510077EC4A /* WildWood Walks */ = {
			isa = PBXGroup;
			children = (
				C90FD87B2AC7E3EF0077EC4A /* Utility */,
				C90FD85D2AC77A510077EC4A /* WildWood_WalksApp.swift */,
				C90FD85F2AC77A510077EC4A /* ContentView.swift */,
				C90FD8612AC77A530077EC4A /* Assets.xcassets */,
				C90FD8632AC77A530077EC4A /* Preview Content */,
				C90FD8772AC7E1360077EC4A /* Component */,
			);
			path = "WildWood Walks";
			sourceTree = "<group>";
		};
		C90FD8632AC77A530077EC4A /* Preview Content */ = {
			isa = PBXGroup;
			children = (
				C90FD86E2AC7DD4D0077EC4A /* image-1.png */,
				C90FD86C2AC7DD4D0077EC4A /* image-2.png */,
				C90FD86B2AC7DD4D0077EC4A /* image-3.png */,
				C90FD86F2AC7DD4D0077EC4A /* image-4.png */,
				C90FD86D2AC7DD4D0077EC4A /* image-5.png */,
				C90FD8642AC77A530077EC4A /* Preview Assets.xcassets */,
			);
			path = "Preview Content";
			sourceTree = "<group>";
		};
		C90FD8772AC7E1360077EC4A /* Component */ = {
			isa = PBXGroup;
			children = (
				C90FD8752AC7DF810077EC4A /* CardView.swift */,
				C90FD8782AC7E1920077EC4A /* customeBackgroundView.swift */,
				C90FD8802AC7ED270077EC4A /* CustomButtonView.swift */,
				C90FD8842AC7FED80077EC4A /* CustomeCircleView.swift */,
				C90FD8872AC801C50077EC4A /* MotionAnimationView.swift */,
			);
			path = Component;
			sourceTree = "<group>";
		};
		C90FD87B2AC7E3EF0077EC4A /* Utility */ = {
			isa = PBXGroup;
			children = (
				C90FD87E2AC7E4670077EC4A /* ColorExtension.swift */,
				C90FD8822AC7F7240077EC4A /* GradientButtonStyle.swift */,
			);
			path = Utility;
			sourceTree = "<group>";
		};
/* End PBXGroup section */

/* Begin PBXNativeTarget section */
		C90FD8592AC77A510077EC4A /* WildWood Walks */ = {
			isa = PBXNativeTarget;
			buildConfigurationList = C90FD8682AC77A530077EC4A /* Build configuration list for PBXNativeTarget "WildWood Walks" */;
			buildPhases = (
				C90FD8562AC77A510077EC4A /* Sources */,
				C90FD8572AC77A510077EC4A /* Frameworks */,
				C90FD8582AC77A510077EC4A /* Resources */,
			);
			buildRules = (
			);
			dependencies = (
			);
			name = "WildWood Walks";
			productName = "WildWood Walks";
			productReference = C90FD85A2AC77A510077EC4A /* WildWood Walks.app */;
			productType = "com.apple.product-type.application";
		};
/* End PBXNativeTarget section */

/* Begin PBXProject section */
		C90FD8522AC77A510077EC4A /* Project object */ = {
			isa = PBXProject;
			attributes = {
				BuildIndependentTargetsInParallel = 1;
				LastSwiftUpdateCheck = 1430;
				LastUpgradeCheck = 1430;
				TargetAttributes = {
					C90FD8592AC77A510077EC4A = {
						CreatedOnToolsVersion = 14.3.1;
					};
				};
			};
			buildConfigurationList = C90FD8552AC77A510077EC4A /* Build configuration list for PBXProject "WildWood Walks" */;
			compatibilityVersion = "Xcode 14.0";
			developmentRegion = en;
			hasScannedForEncodings = 0;
			knownRegions = (
				en,
				Base,
			);
			mainGroup = C90FD8512AC77A510077EC4A;
			productRefGroup = C90FD85B2AC77A510077EC4A /* Products */;
			projectDirPath = "";
			projectRoot = "";
			targets = (
				C90FD8592AC77A510077EC4A /* WildWood Walks */,
			);
		};
/* End PBXProject section */

/* Begin PBXResourcesBuildPhase section */
		C90FD8582AC77A510077EC4A /* Resources */ = {
			isa = PBXResourcesBuildPhase;
			buildActionMask = 2147483647;
			files = (
				C90FD8742AC7DD4D0077EC4A /* image-4.png in Resources */,
				C90FD8712AC7DD4D0077EC4A /* image-2.png in Resources */,
				C90FD8722AC7DD4D0077EC4A /* image-5.png in Resources */,
				C90FD8652AC77A530077EC4A /* Preview Assets.xcassets in Resources */,
				C90FD8622AC77A530077EC4A /* Assets.xcassets in Resources */,
				C90FD8702AC7DD4D0077EC4A /* image-3.png in Resources */,
				C90FD8732AC7DD4D0077EC4A /* image-1.png in Resources */,
			);
			runOnlyForDeploymentPostprocessing = 0;
		};
/* End PBXResourcesBuildPhase section */

/* Begin PBXSourcesBuildPhase section */
		C90FD8562AC77A510077EC4A /* Sources */ = {
			isa = PBXSourcesBuildPhase;
			buildActionMask = 2147483647;
			files = (
				C90FD8602AC77A510077EC4A /* ContentView.swift in Sources */,
				C90FD8792AC7E1920077EC4A /* customeBackgroundView.swift in Sources */,
				C90FD8762AC7DF810077EC4A /* CardView.swift in Sources */,
				C90FD8812AC7ED270077EC4A /* CustomButtonView.swift in Sources */,
				C90FD8832AC7F7240077EC4A /* GradientButtonStyle.swift in Sources */,
				C90FD85E2AC77A510077EC4A /* WildWood_WalksApp.swift in Sources */,
				C90FD8882AC801C50077EC4A /* MotionAnimationView.swift in Sources */,
				C90FD87F2AC7E4670077EC4A /* ColorExtension.swift in Sources */,
				C90FD8852AC7FED80077EC4A /* CustomeCircleView.swift in Sources */,
			);
			runOnlyForDeploymentPostprocessing = 0;
		};
/* End PBXSourcesBuildPhase section */

/* Begin XCBuildConfiguration section */
		C90FD8662AC77A530077EC4A /* Debug */ = {
			isa = XCBuildConfiguration;
			buildSettings = {
				ALWAYS_SEARCH_USER_PATHS = NO;
				CLANG_ANALYZER_NONNULL = YES;
				CLANG_ANALYZER_NUMBER_OBJECT_CONVERSION = YES_AGGRESSIVE;
				CLANG_CXX_LANGUAGE_STANDARD = "gnu++20";
				CLANG_ENABLE_MODULES = YES;
				CLANG_ENABLE_OBJC_ARC = YES;
				CLANG_ENABLE_OBJC_WEAK = YES;
				CLANG_WARN_BLOCK_CAPTURE_AUTORELEASING = YES;
				CLANG_WARN_BOOL_CONVERSION = YES;
				CLANG_WARN_COMMA = YES;
				CLANG_WARN_CONSTANT_CONVERSION = YES;
				CLANG_WARN_DEPRECATED_OBJC_IMPLEMENTATIONS = YES;
				CLANG_WARN_DIRECT_OBJC_ISA_USAGE = YES_ERROR;
				CLANG_WARN_DOCUMENTATION_COMMENTS = YES;
				CLANG_WARN_EMPTY_BODY = YES;
				CLANG_WARN_ENUM_CONVERSION = YES;
				CLANG_WARN_INFINITE_RECURSION = YES;
				CLANG_WARN_INT_CONVERSION = YES;
				CLANG_WARN_NON_LITERAL_NULL_CONVERSION = YES;
				CLANG_WARN_OBJC_IMPLICIT_RETAIN_SELF = YES;
				CLANG_WARN_OBJC_LITERAL_CONVERSION = YES;
				CLANG_WARN_OBJC_ROOT_CLASS = YES_ERROR;
				CLANG_WARN_QUOTED_INCLUDE_IN_FRAMEWORK_HEADER = YES;
				CLANG_WARN_RANGE_LOOP_ANALYSIS = YES;
				CLANG_WARN_STRICT_PROTOTYPES = YES;
				CLANG_WARN_SUSPICIOUS_MOVE = YES;
				CLANG_WARN_UNGUARDED_AVAILABILITY = YES_AGGRESSIVE;
				CLANG_WARN_UNREACHABLE_CODE = YES;
				CLANG_WARN__DUPLICATE_METHOD_MATCH = YES;
				COPY_PHASE_STRIP = NO;
				DEBUG_INFORMATION_FORMAT = dwarf;
				ENABLE_STRICT_OBJC_MSGSEND = YES;
				ENABLE_TESTABILITY = YES;
				GCC_C_LANGUAGE_STANDARD = gnu11;
				GCC_DYNAMIC_NO_PIC = NO;
				GCC_NO_COMMON_BLOCKS = YES;
				GCC_OPTIMIZATION_LEVEL = 0;
				GCC_PREPROCESSOR_DEFINITIONS = (
					"DEBUG=1",
					"$(inherited)",
				);
				GCC_WARN_64_TO_32_BIT_CONVERSION = YES;
				GCC_WARN_ABOUT_RETURN_TYPE = YES_ERROR;
				GCC_WARN_UNDECLARED_SELECTOR = YES;
				GCC_WARN_UNINITIALIZED_AUTOS = YES_AGGRESSIVE;
				GCC_WARN_UNUSED_FUNCTION = YES;
				GCC_WARN_UNUSED_VARIABLE = YES;
				IPHONEOS_DEPLOYMENT_TARGET = 16.4;
				MTL_ENABLE_DEBUG_INFO = INCLUDE_SOURCE;
				MTL_FAST_MATH = YES;
				ONLY_ACTIVE_ARCH = YES;
				SDKROOT = iphoneos;
				SWIFT_ACTIVE_COMPILATION_CONDITIONS = DEBUG;
				SWIFT_OPTIMIZATION_LEVEL = "-Onone";
			};
			name = Debug;
		};
		C90FD8672AC77A530077EC4A /* Release */ = {
			isa = XCBuildConfiguration;
			buildSettings = {
				ALWAYS_SEARCH_USER_PATHS = NO;
				CLANG_ANALYZER_NONNULL = YES;
				CLANG_ANALYZER_NUMBER_OBJECT_CONVERSION = YES_AGGRESSIVE;
				CLANG_CXX_LANGUAGE_STANDARD = "gnu++20";
				CLANG_ENABLE_MODULES = YES;
				CLANG_ENABLE_OBJC_ARC = YES;
				CLANG_ENABLE_OBJC_WEAK = YES;
				CLANG_WARN_BLOCK_CAPTURE_AUTORELEASING = YES;
				CLANG_WARN_BOOL_CONVERSION = YES;
				CLANG_WARN_COMMA = YES;
				CLANG_WARN_CONSTANT_CONVERSION = YES;
				CLANG_WARN_DEPRECATED_OBJC_IMPLEMENTATIONS = YES;
				CLANG_WARN_DIRECT_OBJC_ISA_USAGE = YES_ERROR;
				CLANG_WARN_DOCUMENTATION_COMMENTS = YES;
				CLANG_WARN_EMPTY_BODY = YES;
				CLANG_WARN_ENUM_CONVERSION = YES;
				CLANG_WARN_INFINITE_RECURSION = YES;
				CLANG_WARN_INT_CONVERSION = YES;
				CLANG_WARN_NON_LITERAL_NULL_CONVERSION = YES;
				CLANG_WARN_OBJC_IMPLICIT_RETAIN_SELF = YES;
				CLANG_WARN_OBJC_LITERAL_CONVERSION = YES;
				CLANG_WARN_OBJC_ROOT_CLASS = YES_ERROR;
				CLANG_WARN_QUOTED_INCLUDE_IN_FRAMEWORK_HEADER = YES;
				CLANG_WARN_RANGE_LOOP_ANALYSIS = YES;
				CLANG_WARN_STRICT_PROTOTYPES = YES;
				CLANG_WARN_SUSPICIOUS_MOVE = YES;
				CLANG_WARN_UNGUARDED_AVAILABILITY = YES_AGGRESSIVE;
				CLANG_WARN_UNREACHABLE_CODE = YES;
				CLANG_WARN__DUPLICATE_METHOD_MATCH = YES;
				COPY_PHASE_STRIP = NO;
				DEBUG_INFORMATION_FORMAT = "dwarf-with-dsym";
				ENABLE_NS_ASSERTIONS = NO;
				ENABLE_STRICT_OBJC_MSGSEND = YES;
				GCC_C_LANGUAGE_STANDARD = gnu11;
				GCC_NO_COMMON_BLOCKS = YES;
				GCC_WARN_64_TO_32_BIT_CONVERSION = YES;
				GCC_WARN_ABOUT_RETURN_TYPE = YES_ERROR;
				GCC_WARN_UNDECLARED_SELECTOR = YES;
				GCC_WARN_UNINITIALIZED_AUTOS = YES_AGGRESSIVE;
				GCC_WARN_UNUSED_FUNCTION = YES;
				GCC_WARN_UNUSED_VARIABLE = YES;
				IPHONEOS_DEPLOYMENT_TARGET = 16.4;
				MTL_ENABLE_DEBUG_INFO = NO;
				MTL_FAST_MATH = YES;
				SDKROOT = iphoneos;
				SWIFT_COMPILATION_MODE = wholemodule;
				SWIFT_OPTIMIZATION_LEVEL = "-O";
				VALIDATE_PRODUCT = YES;
			};
			name = Release;
		};
		C90FD8692AC77A530077EC4A /* Debug */ = {
			isa = XCBuildConfiguration;
			buildSettings = {
				ASSETCATALOG_COMPILER_APPICON_NAME = AppIcon;
				ASSETCATALOG_COMPILER_GLOBAL_ACCENT_COLOR_NAME = AccentColor;
				CODE_SIGN_STYLE = Automatic;
				CURRENT_PROJECT_VERSION = 1;
				DEVELOPMENT_ASSET_PATHS = "\"WildWood Walks/Preview Content\"";
				ENABLE_PREVIEWS = YES;
				GENERATE_INFOPLIST_FILE = YES;
				INFOPLIST_KEY_UIApplicationSceneManifest_Generation = YES;
				INFOPLIST_KEY_UIApplicationSupportsIndirectInputEvents = YES;
				INFOPLIST_KEY_UILaunchScreen_Generation = YES;
				INFOPLIST_KEY_UISupportedInterfaceOrientations_iPad = "UIInterfaceOrientationPortrait UIInterfaceOrientationPortraitUpsideDown UIInterfaceOrientationLandscapeLeft UIInterfaceOrientationLandscapeRight";
				INFOPLIST_KEY_UISupportedInterfaceOrientations_iPhone = "UIInterfaceOrientationPortrait UIInterfaceOrientationLandscapeLeft UIInterfaceOrientationLandscapeRight";
				LD_RUNPATH_SEARCH_PATHS = (
					"$(inherited)",
					"@executable_path/Frameworks",
				);
				MARKETING_VERSION = 1.0;
				PRODUCT_BUNDLE_IDENTIFIER = "com.zurich.ab.WildWood-Walks";
				PRODUCT_NAME = "$(TARGET_NAME)";
				SWIFT_EMIT_LOC_STRINGS = YES;
				SWIFT_VERSION = 5.0;
				TARGETED_DEVICE_FAMILY = "1,2";
			};
			name = Debug;
		};
		C90FD86A2AC77A530077EC4A /* Release */ = {
			isa = XCBuildConfiguration;
			buildSettings = {
				ASSETCATALOG_COMPILER_APPICON_NAME = AppIcon;
				ASSETCATALOG_COMPILER_GLOBAL_ACCENT_COLOR_NAME = AccentColor;
				CODE_SIGN_STYLE = Automatic;
				CURRENT_PROJECT_VERSION = 1;
				DEVELOPMENT_ASSET_PATHS = "\"WildWood Walks/Preview Content\"";
				ENABLE_PREVIEWS = YES;
				GENERATE_INFOPLIST_FILE = YES;
				INFOPLIST_KEY_UIApplicationSceneManifest_Generation = YES;
				INFOPLIST_KEY_UIApplicationSupportsIndirectInputEvents = YES;
				INFOPLIST_KEY_UILaunchScreen_Generation = YES;
				INFOPLIST_KEY_UISupportedInterfaceOrientations_iPad = "UIInterfaceOrientationPortrait UIInterfaceOrientationPortraitUpsideDown UIInterfaceOrientationLandscapeLeft UIInterfaceOrientationLandscapeRight";
				INFOPLIST_KEY_UISupportedInterfaceOrientations_iPhone = "UIInterfaceOrientationPortrait UIInterfaceOrientationLandscapeLeft UIInterfaceOrientationLandscapeRight";
				LD_RUNPATH_SEARCH_PATHS = (
					"$(inherited)",
					"@executable_path/Frameworks",
				);
				MARKETING_VERSION = 1.0;
				PRODUCT_BUNDLE_IDENTIFIER = "com.zurich.ab.WildWood-Walks";
				PRODUCT_NAME = "$(TARGET_NAME)";
				SWIFT_EMIT_LOC_STRINGS = YES;
				SWIFT_VERSION = 5.0;
				TARGETED_DEVICE_FAMILY = "1,2";
			};
			name = Release;
		};
/* End XCBuildConfiguration section */

/* Begin XCConfigurationList section */
		C90FD8552AC77A510077EC4A /* Build configuration list for PBXProject "WildWood Walks" */ = {
			isa = XCConfigurationList;
			buildConfigurations = (
				C90FD8662AC77A530077EC4A /* Debug */,
				C90FD8672AC77A530077EC4A /* Release */,
			);
			defaultConfigurationIsVisible = 0;
			defaultConfigurationName = Release;
		};
		C90FD8682AC77A530077EC4A /* Build configuration list for PBXNativeTarget "WildWood Walks" */ = {
			isa = XCConfigurationList;
			buildConfigurations = (
				C90FD8692AC77A530077EC4A /* Debug */,
				C90FD86A2AC77A530077EC4A /* Release */,
			);
			defaultConfigurationIsVisible = 0;
			defaultConfigurationName = Release;
		};
/* End XCConfigurationList section */
	};
	rootObject = C90FD8522AC77A510077EC4A /* Project object */;
}
